// !$*UTF8*$!
{
	archiveVersion = 1;
	classes = {
	};
	objectVersion = 77;
	objects = {

/* Begin PBXBuildFile section */
		81FA67852F48462600AFE929 /* AppDelegate.swift in Sources */ = {isa = PBXBuildFile; fileRef = 81FA67842F48462600AFE929 /* AppDelegate.swift */; };
		81FA67872F48462600AFE929 /* SceneDelegate.swift in Sources */ = {isa = PBXBuildFile; fileRef = 81FA67862F48462600AFE929 /* SceneDelegate.swift */; };
		81FA678A2F48462600AFE929 /* LaunchScreen.storyboard in Resources */ = {isa = PBXBuildFile; fileRef = 81FA67882F48462600AFE929 /* LaunchScreen.storyboard */; };
		81FA678D2F48462600AFE929 /* Main.storyboard in Resources */ = {isa = PBXBuildFile; fileRef = 81FA678B2F48462600AFE929 /* Main.storyboard */; };
		81FA67962F48462600AFE929 /* AppDelegate.swift in Sources */ = {isa = PBXBuildFile; fileRef = 81FA67952F48462600AFE929 /* AppDelegate.swift */; };
		81FA67992F48462600AFE929 /* Main.storyboard in Resources */ = {isa = PBXBuildFile; fileRef = 81FA67972F48462600AFE929 /* Main.storyboard */; };
		81FA67A02F48462600AFE929 /* Instagram Downloader Extension.appex in Embed Foundation Extensions */ = {isa = PBXBuildFile; fileRef = 81FA679F2F48462600AFE929 /* Instagram Downloader Extension.appex */; settings = {ATTRIBUTES = (RemoveHeadersOnCopy, ); }; };
		81FA67AA2F48462600AFE929 /* Instagram Downloader Extension.appex in Embed Foundation Extensions */ = {isa = PBXBuildFile; fileRef = 81FA67A92F48462600AFE929 /* Instagram Downloader Extension.appex */; settings = {ATTRIBUTES = (RemoveHeadersOnCopy, ); }; };
		81FA67AF2F48462600AFE929 /* Main.html in Resources */ = {isa = PBXBuildFile; fileRef = 81FA67742F48462500AFE929 /* Main.html */; };
		81FA67B02F48462600AFE929 /* Main.html in Resources */ = {isa = PBXBuildFile; fileRef = 81FA67742F48462500AFE929 /* Main.html */; };
		81FA67B12F48462600AFE929 /* Icon.png in Resources */ = {isa = PBXBuildFile; fileRef = 81FA67762F48462500AFE929 /* Icon.png */; };
		81FA67B22F48462600AFE929 /* Icon.png in Resources */ = {isa = PBXBuildFile; fileRef = 81FA67762F48462500AFE929 /* Icon.png */; };
		81FA67B32F48462600AFE929 /* Style.css in Resources */ = {isa = PBXBuildFile; fileRef = 81FA67772F48462500AFE929 /* Style.css */; };
		81FA67B42F48462600AFE929 /* Style.css in Resources */ = {isa = PBXBuildFile; fileRef = 81FA67772F48462500AFE929 /* Style.css */; };
		81FA67B52F48462600AFE929 /* Script.js in Resources */ = {isa = PBXBuildFile; fileRef = 81FA67782F48462500AFE929 /* Script.js */; };
		81FA67B62F48462600AFE929 /* Script.js in Resources */ = {isa = PBXBuildFile; fileRef = 81FA67782F48462500AFE929 /* Script.js */; };
		81FA67B72F48462600AFE929 /* ViewController.swift in Sources */ = {isa = PBXBuildFile; fileRef = 81FA67792F48462500AFE929 /* ViewController.swift */; };
		81FA67B82F48462600AFE929 /* ViewController.swift in Sources */ = {isa = PBXBuildFile; fileRef = 81FA67792F48462500AFE929 /* ViewController.swift */; };
		81FA67B92F48462600AFE929 /* Assets.xcassets in Resources */ = {isa = PBXBuildFile; fileRef = 81FA677A2F48462600AFE929 /* Assets.xcassets */; };
		81FA67BA2F48462600AFE929 /* Assets.xcassets in Resources */ = {isa = PBXBuildFile; fileRef = 81FA677A2F48462600AFE929 /* Assets.xcassets */; };
		81FA67BB2F48462600AFE929 /* SafariWebExtensionHandler.swift in Sources */ = {isa = PBXBuildFile; fileRef = 81FA677C2F48462600AFE929 /* SafariWebExtensionHandler.swift */; };
		81FA67BC2F48462600AFE929 /* SafariWebExtensionHandler.swift in Sources */ = {isa = PBXBuildFile; fileRef = 81FA677C2F48462600AFE929 /* SafariWebExtensionHandler.swift */; };
		81FA67D62F48462700AFE929 /* background in Resources */ = {isa = PBXBuildFile; fileRef = 81FA67CE2F48462700AFE929 /* background */; };
		81FA67D72F48462700AFE929 /* options in Resources */ = {isa = PBXBuildFile; fileRef = 81FA67CF2F48462700AFE929 /* options */; };
		81FA67D82F48462700AFE929 /* popup in Resources */ = {isa = PBXBuildFile; fileRef = 81FA67D02F48462700AFE929 /* popup */; };
		81FA67D92F48462700AFE929 /* content in Resources */ = {isa = PBXBuildFile; fileRef = 81FA67D12F48462700AFE929 /* content */; };
		81FA67DA2F48462700AFE929 /* icons in Resources */ = {isa = PBXBuildFile; fileRef = 81FA67D22F48462700AFE929 /* icons */; };
		81FA67DB2F48462700AFE929 /* manifest.json in Resources */ = {isa = PBXBuildFile; fileRef = 81FA67D32F48462700AFE929 /* manifest.json */; };
		81FA67DC2F48462700AFE929 /* xhr.js in Resources */ = {isa = PBXBuildFile; fileRef = 81FA67D42F48462700AFE929 /* xhr.js */; };
		81FA67DD2F48462700AFE929 /* inject.js in Resources */ = {isa = PBXBuildFile; fileRef = 81FA67D52F48462700AFE929 /* inject.js */; };
		81FA67DE2F48462700AFE929 /* background in Resources */ = {isa = PBXBuildFile; fileRef = 81FA67CE2F48462700AFE929 /* background */; };
		81FA67DF2F48462700AFE929 /* options in Resources */ = {isa = PBXBuildFile; fileRef = 81FA67CF2F48462700AFE929 /* options */; };
		81FA67E02F48462700AFE929 /* popup in Resources */ = {isa = PBXBuildFile; fileRef = 81FA67D02F48462700AFE929 /* popup */; };
		81FA67E12F48462700AFE929 /* content in Resources */ = {isa = PBXBuildFile; fileRef = 81FA67D12F48462700AFE929 /* content */; };
		81FA67E22F48462700AFE929 /* icons in Resources */ = {isa = PBXBuildFile; fileRef = 81FA67D22F48462700AFE929 /* icons */; };
		81FA67E32F48462700AFE929 /* manifest.json in Resources */ = {isa = PBXBuildFile; fileRef = 81FA67D32F48462700AFE929 /* manifest.json */; };
		81FA67E42F48462700AFE929 /* xhr.js in Resources */ = {isa = PBXBuildFile; fileRef = 81FA67D42F48462700AFE929 /* xhr.js */; };
		81FA67E52F48462700AFE929 /* inject.js in Resources */ = {isa = PBXBuildFile; fileRef = 81FA67D52F48462700AFE929 /* inject.js */; };
/* End PBXBuildFile section */

/* Begin PBXContainerItemProxy section */
		81FA67A12F48462600AFE929 /* PBXContainerItemProxy */ = {
			isa = PBXContainerItemProxy;
			containerPortal = 81FA676E2F48462500AFE929 /* Project object */;
			proxyType = 1;
			remoteGlobalIDString = 81FA679E2F48462600AFE929;
			remoteInfo = "Instagram Downloader Extension (iOS)";
		};
		81FA67AB2F48462600AFE929 /* PBXContainerItemProxy */ = {
			isa = PBXContainerItemProxy;
			containerPortal = 81FA676E2F48462500AFE929 /* Project object */;
			proxyType = 1;
			remoteGlobalIDString = 81FA67A82F48462600AFE929;
			remoteInfo = "Instagram Downloader Extension (macOS)";
		};
/* End PBXContainerItemProxy section */

/* Begin PBXCopyFilesBuildPhase section */
		81FA67C22F48462600AFE929 /* Embed Foundation Extensions */ = {
			isa = PBXCopyFilesBuildPhase;
			buildActionMask = 2147483647;
			dstPath = "";
			dstSubfolderSpec = 13;
			files = (
				81FA67A02F48462600AFE929 /* Instagram Downloader Extension.appex in Embed Foundation Extensions */,
			);
			name = "Embed Foundation Extensions";
			runOnlyForDeploymentPostprocessing = 0;
		};
		81FA67C92F48462600AFE929 /* Embed Foundation Extensions */ = {
			isa = PBXCopyFilesBuildPhase;
			buildActionMask = 2147483647;
			dstPath = "";
			dstSubfolderSpec = 13;
			files = (
				81FA67AA2F48462600AFE929 /* Instagram Downloader Extension.appex in Embed Foundation Extensions */,
			);
			name = "Embed Foundation Extensions";
			runOnlyForDeploymentPostprocessing = 0;
		};
/* End PBXCopyFilesBuildPhase section */

/* Begin PBXFileReference section */
		81FA67752F48462500AFE929 /* Base */ = {isa = PBXFileReference; lastKnownFileType = text.html; name = Base; path = Base.lproj/Main.html; sourceTree = "<group>"; };
		81FA67762F48462500AFE929 /* Icon.png */ = {isa = PBXFileReference; lastKnownFileType = image.png; path = Icon.png; sourceTree = "<group>"; };
		81FA67772F48462500AFE929 /* Style.css */ = {isa = PBXFileReference; lastKnownFileType = text.css; path = Style.css; sourceTree = "<group>"; };
		81FA67782F48462500AFE929 /* Script.js */ = {isa = PBXFileReference; lastKnownFileType = sourcecode.javascript; path = Script.js; sourceTree = "<group>"; };
		81FA67792F48462500AFE929 /* ViewController.swift */ = {isa = PBXFileReference; lastKnownFileType = sourcecode.swift; path = ViewController.swift; sourceTree = "<group>"; };
		81FA677A2F48462600AFE929 /* Assets.xcassets */ = {isa = PBXFileReference; lastKnownFileType = folder.assetcatalog; path = Assets.xcassets; sourceTree = "<group>"; };
		81FA677C2F48462600AFE929 /* SafariWebExtensionHandler.swift */ = {isa = PBXFileReference; lastKnownFileType = sourcecode.swift; path = SafariWebExtensionHandler.swift; sourceTree = "<group>"; };
		81FA67812F48462600AFE929 /* Instagram Downloader.app */ = {isa = PBXFileReference; explicitFileType = wrapper.application; includeInIndex = 0; path = "Instagram Downloader.app"; sourceTree = BUILT_PRODUCTS_DIR; };
		81FA67842F48462600AFE929 /* AppDelegate.swift */ = {isa = PBXFileReference; lastKnownFileType = sourcecode.swift; path = AppDelegate.swift; sourceTree = "<group>"; };
		81FA67862F48462600AFE929 /* SceneDelegate.swift */ = {isa = PBXFileReference; lastKnownFileType = sourcecode.swift; path = SceneDelegate.swift; sourceTree = "<group>"; };
		81FA67892F48462600AFE929 /* Base */ = {isa = PBXFileReference; lastKnownFileType = file.storyboard; name = Base; path = Base.lproj/LaunchScreen.storyboard; sourceTree = "<group>"; };
		81FA678C2F48462600AFE929 /* Base */ = {isa = PBXFileReference; lastKnownFileType = file.storyboard; name = Base; path = Base.lproj/Main.storyboard; sourceTree = "<group>"; };
		81FA678E2F48462600AFE929 /* Info.plist */ = {isa = PBXFileReference; lastKnownFileType = text.plist.xml; path = Info.plist; sourceTree = "<group>"; };
		81FA67932F48462600AFE929 /* Instagram Downloader.app */ = {isa = PBXFileReference; explicitFileType = wrapper.application; includeInIndex = 0; path = "Instagram Downloader.app"; sourceTree = BUILT_PRODUCTS_DIR; };
		81FA67952F48462600AFE929 /* AppDelegate.swift */ = {isa = PBXFileReference; lastKnownFileType = sourcecode.swift; path = AppDelegate.swift; sourceTree = "<group>"; };
		81FA67982F48462600AFE929 /* Base */ = {isa = PBXFileReference; lastKnownFileType = file.storyboard; name = Base; path = Base.lproj/Main.storyboard; sourceTree = "<group>"; };
		81FA679A2F48462600AFE929 /* Info.plist */ = {isa = PBXFileReference; lastKnownFileType = text.plist.xml; path = Info.plist; sourceTree = "<group>"; };
		81FA679F2F48462600AFE929 /* Instagram Downloader Extension.appex */ = {isa = PBXFileReference; explicitFileType = "wrapper.app-extension"; includeInIndex = 0; path = "Instagram Downloader Extension.appex"; sourceTree = BUILT_PRODUCTS_DIR; };
		81FA67A42F48462600AFE929 /* Info.plist */ = {isa = PBXFileReference; lastKnownFileType = text.plist.xml; path = Info.plist; sourceTree = "<group>"; };
		81FA67A92F48462600AFE929 /* Instagram Downloader Extension.appex */ = {isa = PBXFileReference; explicitFileType = "wrapper.app-extension"; includeInIndex = 0; path = "Instagram Downloader Extension.appex"; sourceTree = BUILT_PRODUCTS_DIR; };
		81FA67AE2F48462600AFE929 /* Info.plist */ = {isa = PBXFileReference; lastKnownFileType = text.plist.xml; path = Info.plist; sourceTree = "<group>"; };
		81FA67CE2F48462700AFE929 /* background */ = {isa = PBXFileReference; lastKnownFileType = folder; name = background; path = ../../dist/safari/background; sourceTree = "<group>"; };
		81FA67CF2F48462700AFE929 /* options */ = {isa = PBXFileReference; lastKnownFileType = folder; name = options; path = ../../dist/safari/options; sourceTree = "<group>"; };
		81FA67D02F48462700AFE929 /* popup */ = {isa = PBXFileReference; lastKnownFileType = folder; name = popup; path = ../../dist/safari/popup; sourceTree = "<group>"; };
		81FA67D12F48462700AFE929 /* content */ = {isa = PBXFileReference; lastKnownFileType = folder; name = content; path = ../../dist/safari/content; sourceTree = "<group>"; };
		81FA67D22F48462700AFE929 /* icons */ = {isa = PBXFileReference; lastKnownFileType = folder; name = icons; path = ../../dist/safari/icons; sourceTree = "<group>"; };
		81FA67D32F48462700AFE929 /* manifest.json */ = {isa = PBXFileReference; lastKnownFileType = text.json; name = manifest.json; path = ../../dist/safari/manifest.json; sourceTree = "<group>"; };
		81FA67D42F48462700AFE929 /* xhr.js */ = {isa = PBXFileReference; lastKnownFileType = sourcecode.javascript; name = xhr.js; path = ../../dist/safari/xhr.js; sourceTree = "<group>"; };
		81FA67D52F48462700AFE929 /* inject.js */ = {isa = PBXFileReference; lastKnownFileType = sourcecode.javascript; name = inject.js; path = ../../dist/safari/inject.js; sourceTree = "<group>"; };
/* End PBXFileReference section */

/* Begin PBXFrameworksBuildPhase section */
		81FA677E2F48462600AFE929 /* Frameworks */ = {
			isa = PBXFrameworksBuildPhase;
			buildActionMask = 2147483647;
			files = (
			);
			runOnlyForDeploymentPostprocessing = 0;
		};
		81FA67902F48462600AFE929 /* Frameworks */ = {
			isa = PBXFrameworksBuildPhase;
			buildActionMask = 2147483647;
			files = (
			);
			runOnlyForDeploymentPostprocessing = 0;
		};
		81FA679C2F48462600AFE929 /* Frameworks */ = {
			isa = PBXFrameworksBuildPhase;
			buildActionMask = 2147483647;
			files = (
			);
			runOnlyForDeploymentPostprocessing = 0;
		};
		81FA67A62F48462600AFE929 /* Frameworks */ = {
			isa = PBXFrameworksBuildPhase;
			buildActionMask = 2147483647;
			files = (
			);
			runOnlyForDeploymentPostprocessing = 0;
		};
/* End PBXFrameworksBuildPhase section */

/* Begin PBXGroup section */
		81FA676D2F48462500AFE929 = {
			isa = PBXGroup;
			children = (
				81FA67722F48462500AFE929 /* Shared (App) */,
				81FA677B2F48462600AFE929 /* Shared (Extension) */,
				81FA67832F48462600AFE929 /* iOS (App) */,
				81FA67942F48462600AFE929 /* macOS (App) */,
				81FA67A32F48462600AFE929 /* iOS (Extension) */,
				81FA67AD2F48462600AFE929 /* macOS (Extension) */,
				81FA67822F48462600AFE929 /* Products */,
			);
			sourceTree = "<group>";
		};
		81FA67722F48462500AFE929 /* Shared (App) */ = {
			isa = PBXGroup;
			children = (
				81FA67792F48462500AFE929 /* ViewController.swift */,
				81FA677A2F48462600AFE929 /* Assets.xcassets */,
				81FA67732F48462500AFE929 /* Resources */,
			);
			path = "Shared (App)";
			sourceTree = "<group>";
		};
		81FA67732F48462500AFE929 /* Resources */ = {
			isa = PBXGroup;
			children = (
				81FA67742F48462500AFE929 /* Main.html */,
				81FA67762F48462500AFE929 /* Icon.png */,
				81FA67772F48462500AFE929 /* Style.css */,
				81FA67782F48462500AFE929 /* Script.js */,
			);
			path = Resources;
			sourceTree = "<group>";
		};
		81FA677B2F48462600AFE929 /* Shared (Extension) */ = {
			isa = PBXGroup;
			children = (
				81FA67CD2F48462700AFE929 /* Resources */,
				81FA677C2F48462600AFE929 /* SafariWebExtensionHandler.swift */,
			);
			path = "Shared (Extension)";
			sourceTree = "<group>";
		};
		81FA67822F48462600AFE929 /* Products */ = {
			isa = PBXGroup;
			children = (
				81FA67812F48462600AFE929 /* Instagram Downloader.app */,
				81FA67932F48462600AFE929 /* Instagram Downloader.app */,
				81FA679F2F48462600AFE929 /* Instagram Downloader Extension.appex */,
				81FA67A92F48462600AFE929 /* Instagram Downloader Extension.appex */,
			);
			name = Products;
			sourceTree = "<group>";
		};
		81FA67832F48462600AFE929 /* iOS (App) */ = {
			isa = PBXGroup;
			children = (
				81FA67842F48462600AFE929 /* AppDelegate.swift */,
				81FA67862F48462600AFE929 /* SceneDelegate.swift */,
				81FA67882F48462600AFE929 /* LaunchScreen.storyboard */,
				81FA678B2F48462600AFE929 /* Main.storyboard */,
				81FA678E2F48462600AFE929 /* Info.plist */,
			);
			path = "iOS (App)";
			sourceTree = "<group>";
		};
		81FA67942F48462600AFE929 /* macOS (App) */ = {
			isa = PBXGroup;
			children = (
				81FA67952F48462600AFE929 /* AppDelegate.swift */,
				81FA67972F48462600AFE929 /* Main.storyboard */,
				81FA679A2F48462600AFE929 /* Info.plist */,
			);
			path = "macOS (App)";
			sourceTree = "<group>";
		};
		81FA67A32F48462600AFE929 /* iOS (Extension) */ = {
			isa = PBXGroup;
			children = (
				81FA67A42F48462600AFE929 /* Info.plist */,
			);
			path = "iOS (Extension)";
			sourceTree = "<group>";
		};
		81FA67AD2F48462600AFE929 /* macOS (Extension) */ = {
			isa = PBXGroup;
			children = (
				81FA67AE2F48462600AFE929 /* Info.plist */,
			);
			path = "macOS (Extension)";
			sourceTree = "<group>";
		};
		81FA67CD2F48462700AFE929 /* Resources */ = {
			isa = PBXGroup;
			children = (
				81FA67CE2F48462700AFE929 /* background */,
				81FA67CF2F48462700AFE929 /* options */,
				81FA67D02F48462700AFE929 /* popup */,
				81FA67D12F48462700AFE929 /* content */,
				81FA67D22F48462700AFE929 /* icons */,
				81FA67D32F48462700AFE929 /* manifest.json */,
				81FA67D42F48462700AFE929 /* xhr.js */,
				81FA67D52F48462700AFE929 /* inject.js */,
			);
			name = Resources;
			path = "Shared (Extension)";
			sourceTree = SOURCE_ROOT;
		};
/* End PBXGroup section */

/* Begin PBXNativeTarget section */
		81FA67802F48462600AFE929 /* Instagram Downloader (iOS) */ = {
			isa = PBXNativeTarget;
			buildConfigurationList = 81FA67C32F48462600AFE929 /* Build configuration list for PBXNativeTarget "Instagram Downloader (iOS)" */;
			buildPhases = (
				81FA677D2F48462600AFE929 /* Sources */,
				81FA677E2F48462600AFE929 /* Frameworks */,
				81FA677F2F48462600AFE929 /* Resources */,
				81FA67C22F48462600AFE929 /* Embed Foundation Extensions */,
			);
			buildRules = (
			);
			dependencies = (
				81FA67A22F48462600AFE929 /* PBXTargetDependency */,
			);
			name = "Instagram Downloader (iOS)";
			packageProductDependencies = (
			);
			productName = "Instagram Downloader (iOS)";
			productReference = 81FA67812F48462600AFE929 /* Instagram Downloader.app */;
			productType = "com.apple.product-type.application";
		};
		81FA67922F48462600AFE929 /* Instagram Downloader (macOS) */ = {
			isa = PBXNativeTarget;
			buildConfigurationList = 81FA67CA2F48462600AFE929 /* Build configuration list for PBXNativeTarget "Instagram Downloader (macOS)" */;
			buildPhases = (
				81FA678F2F48462600AFE929 /* Sources */,
				81FA67902F48462600AFE929 /* Frameworks */,
				81FA67912F48462600AFE929 /* Resources */,
				81FA67C92F48462600AFE929 /* Embed Foundation Extensions */,
			);
			buildRules = (
			);
			dependencies = (
				81FA67AC2F48462600AFE929 /* PBXTargetDependency */,
			);
			name = "Instagram Downloader (macOS)";
			packageProductDependencies = (
			);
			productName = "Instagram Downloader (macOS)";
			productReference = 81FA67932F48462600AFE929 /* Instagram Downloader.app */;
			productType = "com.apple.product-type.application";
		};
		81FA679E2F48462600AFE929 /* Instagram Downloader Extension (iOS) */ = {
			isa = PBXNativeTarget;
			buildConfigurationList = 81FA67BF2F48462600AFE929 /* Build configuration list for PBXNativeTarget "Instagram Downloader Extension (iOS)" */;
			buildPhases = (
				81FA679B2F48462600AFE929 /* Sources */,
				81FA679C2F48462600AFE929 /* Frameworks */,
				81FA679D2F48462600AFE929 /* Resources */,
			);
			buildRules = (
			);
			dependencies = (
			);
			name = "Instagram Downloader Extension (iOS)";
			packageProductDependencies = (
			);
			productName = "Instagram Downloader Extension (iOS)";
			productReference = 81FA679F2F48462600AFE929 /* Instagram Downloader Extension.appex */;
			productType = "com.apple.product-type.app-extension";
		};
		81FA67A82F48462600AFE929 /* Instagram Downloader Extension (macOS) */ = {
			isa = PBXNativeTarget;
			buildConfigurationList = 81FA67C62F48462600AFE929 /* Build configuration list for PBXNativeTarget "Instagram Downloader Extension (macOS)" */;
			buildPhases = (
				81FA67A52F48462600AFE929 /* Sources */,
				81FA67A62F48462600AFE929 /* Frameworks */,
				81FA67A72F48462600AFE929 /* Resources */,
			);
			buildRules = (
			);
			dependencies = (
			);
			name = "Instagram Downloader Extension (macOS)";
			packageProductDependencies = (
			);
			productName = "Instagram Downloader Extension (macOS)";
			productReference = 81FA67A92F48462600AFE929 /* Instagram Downloader Extension.appex */;
			productType = "com.apple.product-type.app-extension";
		};
/* End PBXNativeTarget section */

/* Begin PBXProject section */
		81FA676E2F48462500AFE929 /* Project object */ = {
			isa = PBXProject;
			attributes = {
				BuildIndependentTargetsInParallel = 1;
				LastSwiftUpdateCheck = 2620;
				LastUpgradeCheck = 2620;
				TargetAttributes = {
					81FA67802F48462600AFE929 = {
						CreatedOnToolsVersion = 26.2;
					};
					81FA67922F48462600AFE929 = {
						CreatedOnToolsVersion = 26.2;
					};
					81FA679E2F48462600AFE929 = {
						CreatedOnToolsVersion = 26.2;
					};
					81FA67A82F48462600AFE929 = {
						CreatedOnToolsVersion = 26.2;
					};
				};
			};
			buildConfigurationList = 81FA67712F48462500AFE929 /* Build configuration list for PBXProject "Instagram Downloader" */;
			developmentRegion = en;
			hasScannedForEncodings = 0;
			knownRegions = (
				en,
				Base,
			);
			mainGroup = 81FA676D2F48462500AFE929;
			minimizedProjectReferenceProxies = 1;
			preferredProjectObjectVersion = 77;
			productRefGroup = 81FA67822F48462600AFE929 /* Products */;
			projectDirPath = "";
			projectRoot = "";
			targets = (
				81FA67802F48462600AFE929 /* Instagram Downloader (iOS) */,
				81FA67922F48462600AFE929 /* Instagram Downloader (macOS) */,
				81FA679E2F48462600AFE929 /* Instagram Downloader Extension (iOS) */,
				81FA67A82F48462600AFE929 /* Instagram Downloader Extension (macOS) */,
			);
		};
/* End PBXProject section */

/* Begin PBXResourcesBuildPhase section */
		81FA677F2F48462600AFE929 /* Resources */ = {
			isa = PBXResourcesBuildPhase;
			buildActionMask = 2147483647;
			files = (
				81FA67B12F48462600AFE929 /* Icon.png in Resources */,
				81FA678A2F48462600AFE929 /* LaunchScreen.storyboard in Resources */,
				81FA67AF2F48462600AFE929 /* Main.html in Resources */,
				81FA67B52F48462600AFE929 /* Script.js in Resources */,
				81FA67B92F48462600AFE929 /* Assets.xcassets in Resources */,
				81FA678D2F48462600AFE929 /* Main.storyboard in Resources */,
				81FA67B32F48462600AFE929 /* Style.css in Resources */,
			);
			runOnlyForDeploymentPostprocessing = 0;
		};
		81FA67912F48462600AFE929 /* Resources */ = {
			isa = PBXResourcesBuildPhase;
			buildActionMask = 2147483647;
			files = (
				81FA67B22F48462600AFE929 /* Icon.png in Resources */,
				81FA67B42F48462600AFE929 /* Style.css in Resources */,
				81FA67992F48462600AFE929 /* Main.storyboard in Resources */,
				81FA67B62F48462600AFE929 /* Script.js in Resources */,
				81FA67BA2F48462600AFE929 /* Assets.xcassets in Resources */,
				81FA67B02F48462600AFE929 /* Main.html in Resources */,
			);
			runOnlyForDeploymentPostprocessing = 0;
		};
		81FA679D2F48462600AFE929 /* Resources */ = {
			isa = PBXResourcesBuildPhase;
			buildActionMask = 2147483647;
			files = (
				81FA67E02F48462700AFE929 /* popup in Resources */,
				81FA67E52F48462700AFE929 /* inject.js in Resources */,
				81FA67DE2F48462700AFE929 /* background in Resources */,
				81FA67E12F48462700AFE929 /* content in Resources */,
				81FA67E22F48462700AFE929 /* icons in Resources */,
				81FA67E32F48462700AFE929 /* manifest.json in Resources */,
				81FA67DF2F48462700AFE929 /* options in Resources */,
				81FA67E42F48462700AFE929 /* xhr.js in Resources */,
			);
			runOnlyForDeploymentPostprocessing = 0;
		};
		81FA67A72F48462600AFE929 /* Resources */ = {
			isa = PBXResourcesBuildPhase;
			buildActionMask = 2147483647;
			files = (
				81FA67D82F48462700AFE929 /* popup in Resources */,
				81FA67DD2F48462700AFE929 /* inject.js in Resources */,
				81FA67D62F48462700AFE929 /* background in Resources */,
				81FA67D92F48462700AFE929 /* content in Resources */,
				81FA67DA2F48462700AFE929 /* icons in Resources */,
				81FA67DB2F48462700AFE929 /* manifest.json in Resources */,
				81FA67D72F48462700AFE929 /* options in Resources */,
				81FA67DC2F48462700AFE929 /* xhr.js in Resources */,
			);
			runOnlyForDeploymentPostprocessing = 0;
		};
/* End PBXResourcesBuildPhase section */

/* Begin PBXSourcesBuildPhase section */
		81FA677D2F48462600AFE929 /* Sources */ = {
			isa = PBXSourcesBuildPhase;
			buildActionMask = 2147483647;
			files = (
				81FA67B72F48462600AFE929 /* ViewController.swift in Sources */,
				81FA67852F48462600AFE929 /* AppDelegate.swift in Sources */,
				81FA67872F48462600AFE929 /* SceneDelegate.swift in Sources */,
			);
			runOnlyForDeploymentPostprocessing = 0;
		};
		81FA678F2F48462600AFE929 /* Sources */ = {
			isa = PBXSourcesBuildPhase;
			buildActionMask = 2147483647;
			files = (
				81FA67B82F48462600AFE929 /* ViewController.swift in Sources */,
				81FA67962F48462600AFE929 /* AppDelegate.swift in Sources */,
			);
			runOnlyForDeploymentPostprocessing = 0;
		};
		81FA679B2F48462600AFE929 /* Sources */ = {
			isa = PBXSourcesBuildPhase;
			buildActionMask = 2147483647;
			files = (
				81FA67BB2F48462600AFE929 /* SafariWebExtensionHandler.swift in Sources */,
			);
			runOnlyForDeploymentPostprocessing = 0;
		};
		81FA67A52F48462600AFE929 /* Sources */ = {
			isa = PBXSourcesBuildPhase;
			buildActionMask = 2147483647;
			files = (
				81FA67BC2F48462600AFE929 /* SafariWebExtensionHandler.swift in Sources */,
			);
			runOnlyForDeploymentPostprocessing = 0;
		};
/* End PBXSourcesBuildPhase section */

/* Begin PBXTargetDependency section */
		81FA67A22F48462600AFE929 /* PBXTargetDependency */ = {
			isa = PBXTargetDependency;
			target = 81FA679E2F48462600AFE929 /* Instagram Downloader Extension (iOS) */;
			targetProxy = 81FA67A12F48462600AFE929 /* PBXContainerItemProxy */;
		};
		81FA67AC2F48462600AFE929 /* PBXTargetDependency */ = {
			isa = PBXTargetDependency;
			target = 81FA67A82F48462600AFE929 /* Instagram Downloader Extension (macOS) */;
			targetProxy = 81FA67AB2F48462600AFE929 /* PBXContainerItemProxy */;
		};
/* End PBXTargetDependency section */

/* Begin PBXVariantGroup section */
		81FA67742F48462500AFE929 /* Main.html */ = {
			isa = PBXVariantGroup;
			children = (
				81FA67752F48462500AFE929 /* Base */,
			);
			name = Main.html;
			sourceTree = "<group>";
		};
		81FA67882F48462600AFE929 /* LaunchScreen.storyboard */ = {
			isa = PBXVariantGroup;
			children = (
				81FA67892F48462600AFE929 /* Base */,
			);
			name = LaunchScreen.storyboard;
			sourceTree = "<group>";
		};
		81FA678B2F48462600AFE929 /* Main.storyboard */ = {
			isa = PBXVariantGroup;
			children = (
				81FA678C2F48462600AFE929 /* Base */,
			);
			name = Main.storyboard;
			sourceTree = "<group>";
		};
		81FA67972F48462600AFE929 /* Main.storyboard */ = {
			isa = PBXVariantGroup;
			children = (
				81FA67982F48462600AFE929 /* Base */,
			);
			name = Main.storyboard;
			sourceTree = "<group>";
		};
/* End PBXVariantGroup section */

/* Begin XCBuildConfiguration section */
		81FA67BD2F48462600AFE929 /* Debug */ = {
			isa = XCBuildConfiguration;
			buildSettings = {
				ALWAYS_SEARCH_USER_PATHS = NO;
				ASSETCATALOG_COMPILER_GENERATE_SWIFT_ASSET_SYMBOL_EXTENSIONS = YES;
				CLANG_ANALYZER_NONNULL = YES;
				CLANG_ANALYZER_NUMBER_OBJECT_CONVERSION = YES_AGGRESSIVE;
				CLANG_CXX_LANGUAGE_STANDARD = "gnu++20";
				CLANG_ENABLE_MODULES = YES;
				CLANG_ENABLE_OBJC_ARC = YES;
				CLANG_ENABLE_OBJC_WEAK = YES;
				CLANG_WARN_BLOCK_CAPTURE_AUTORELEASING = YES;
				CLANG_WARN_BOOL_CONVERSION = YES;
				CLANG_WARN_COMMA = YES;
				CLANG_WARN_CONSTANT_CONVERSION = YES;
				CLANG_WARN_DEPRECATED_OBJC_IMPLEMENTATIONS = YES;
				CLANG_WARN_DIRECT_OBJC_ISA_USAGE = YES_ERROR;
				CLANG_WARN_DOCUMENTATION_COMMENTS = YES;
				CLANG_WARN_EMPTY_BODY = YES;
				CLANG_WARN_ENUM_CONVERSION = YES;
				CLANG_WARN_INFINITE_RECURSION = YES;
				CLANG_WARN_INT_CONVERSION = YES;
				CLANG_WARN_NON_LITERAL_NULL_CONVERSION = YES;
				CLANG_WARN_OBJC_IMPLICIT_RETAIN_SELF = YES;
				CLANG_WARN_OBJC_LITERAL_CONVERSION = YES;
				CLANG_WARN_OBJC_ROOT_CLASS = YES_ERROR;
				CLANG_WARN_QUOTED_INCLUDE_IN_FRAMEWORK_HEADER = YES;
				CLANG_WARN_RANGE_LOOP_ANALYSIS = YES;
				CLANG_WARN_STRICT_PROTOTYPES = YES;
				CLANG_WARN_SUSPICIOUS_MOVE = YES;
				CLANG_WARN_UNGUARDED_AVAILABILITY = YES_AGGRESSIVE;
				CLANG_WARN_UNREACHABLE_CODE = YES;
				CLANG_WARN__DUPLICATE_METHOD_MATCH = YES;
				CODE_SIGN_IDENTITY = "Apple Development";
				COPY_PHASE_STRIP = NO;
				DEBUG_INFORMATION_FORMAT = dwarf;
				DEVELOPMENT_TEAM = FD33Z2Y6H9;
				ENABLE_STRICT_OBJC_MSGSEND = YES;
				ENABLE_TESTABILITY = YES;
				ENABLE_USER_SCRIPT_SANDBOXING = YES;
				GCC_C_LANGUAGE_STANDARD = gnu17;
				GCC_DYNAMIC_NO_PIC = NO;
				GCC_NO_COMMON_BLOCKS = YES;
				GCC_OPTIMIZATION_LEVEL = 0;
				GCC_PREPROCESSOR_DEFINITIONS = (
					"DEBUG=1",
					"$(inherited)",
				);
				GCC_WARN_64_TO_32_BIT_CONVERSION = YES;
				GCC_WARN_ABOUT_RETURN_TYPE = YES_ERROR;
				GCC_WARN_UNDECLARED_SELECTOR = YES;
				GCC_WARN_UNINITIALIZED_AUTOS = YES_AGGRESSIVE;
				GCC_WARN_UNUSED_FUNCTION = YES;
				GCC_WARN_UNUSED_VARIABLE = YES;
				LOCALIZATION_PREFERS_STRING_CATALOGS = YES;
				MTL_ENABLE_DEBUG_INFO = INCLUDE_SOURCE;
				MTL_FAST_MATH = YES;
				ONLY_ACTIVE_ARCH = YES;
				SWIFT_ACTIVE_COMPILATION_CONDITIONS = "DEBUG $(inherited)";
				SWIFT_OPTIMIZATION_LEVEL = "-Onone";
			};
			name = Debug;
		};
		81FA67BE2F48462600AFE929 /* Release */ = {
			isa = XCBuildConfiguration;
			buildSettings = {
				ALWAYS_SEARCH_USER_PATHS = NO;
				ASSETCATALOG_COMPILER_GENERATE_SWIFT_ASSET_SYMBOL_EXTENSIONS = YES;
				CLANG_ANALYZER_NONNULL = YES;
				CLANG_ANALYZER_NUMBER_OBJECT_CONVERSION = YES_AGGRESSIVE;
				CLANG_CXX_LANGUAGE_STANDARD = "gnu++20";
				CLANG_ENABLE_MODULES = YES;
				CLANG_ENABLE_OBJC_ARC = YES;
				CLANG_ENABLE_OBJC_WEAK = YES;
				CLANG_WARN_BLOCK_CAPTURE_AUTORELEASING = YES;
				CLANG_WARN_BOOL_CONVERSION = YES;
				CLANG_WARN_COMMA = YES;
				CLANG_WARN_CONSTANT_CONVERSION = YES;
				CLANG_WARN_DEPRECATED_OBJC_IMPLEMENTATIONS = YES;
				CLANG_WARN_DIRECT_OBJC_ISA_USAGE = YES_ERROR;
				CLANG_WARN_DOCUMENTATION_COMMENTS = YES;
				CLANG_WARN_EMPTY_BODY = YES;
				CLANG_WARN_ENUM_CONVERSION = YES;
				CLANG_WARN_INFINITE_RECURSION = YES;
				CLANG_WARN_INT_CONVERSION = YES;
				CLANG_WARN_NON_LITERAL_NULL_CONVERSION = YES;
				CLANG_WARN_OBJC_IMPLICIT_RETAIN_SELF = YES;
				CLANG_WARN_OBJC_LITERAL_CONVERSION = YES;
				CLANG_WARN_OBJC_ROOT_CLASS = YES_ERROR;
				CLANG_WARN_QUOTED_INCLUDE_IN_FRAMEWORK_HEADER = YES;
				CLANG_WARN_RANGE_LOOP_ANALYSIS = YES;
				CLANG_WARN_STRICT_PROTOTYPES = YES;
				CLANG_WARN_SUSPICIOUS_MOVE = YES;
				CLANG_WARN_UNGUARDED_AVAILABILITY = YES_AGGRESSIVE;
				CLANG_WARN_UNREACHABLE_CODE = YES;
				CLANG_WARN__DUPLICATE_METHOD_MATCH = YES;
				CODE_SIGN_IDENTITY = "Apple Development";
				COPY_PHASE_STRIP = NO;
				DEBUG_INFORMATION_FORMAT = "dwarf-with-dsym";
				DEVELOPMENT_TEAM = FD33Z2Y6H9;
				ENABLE_NS_ASSERTIONS = NO;
				ENABLE_STRICT_OBJC_MSGSEND = YES;
				ENABLE_USER_SCRIPT_SANDBOXING = YES;
				GCC_C_LANGUAGE_STANDARD = gnu17;
				GCC_NO_COMMON_BLOCKS = YES;
				GCC_WARN_64_TO_32_BIT_CONVERSION = YES;
				GCC_WARN_ABOUT_RETURN_TYPE = YES_ERROR;
				GCC_WARN_UNDECLARED_SELECTOR = YES;
				GCC_WARN_UNINITIALIZED_AUTOS = YES_AGGRESSIVE;
				GCC_WARN_UNUSED_FUNCTION = YES;
				GCC_WARN_UNUSED_VARIABLE = YES;
				LOCALIZATION_PREFERS_STRING_CATALOGS = YES;
				MTL_ENABLE_DEBUG_INFO = NO;
				MTL_FAST_MATH = YES;
				ONLY_ACTIVE_ARCH = YES;
				SWIFT_COMPILATION_MODE = wholemodule;
			};
			name = Release;
		};
		81FA67C02F48462600AFE929 /* Debug */ = {
			isa = XCBuildConfiguration;
			buildSettings = {
				"CODE_SIGN_IDENTITY[sdk=iphoneos*]" = "Apple Development";
				CODE_SIGN_STYLE = Automatic;
				CURRENT_PROJECT_VERSION = 1;
				DEVELOPMENT_TEAM = FD33Z2Y6H9;
				GENERATE_INFOPLIST_FILE = YES;
				INFOPLIST_FILE = "iOS (Extension)/Info.plist";
				INFOPLIST_KEY_CFBundleDisplayName = "Instagram Downloader Extension";
				INFOPLIST_KEY_NSHumanReadableCopyright = "";
				IPHONEOS_DEPLOYMENT_TARGET = 15.0;
				LD_RUNPATH_SEARCH_PATHS = (
					"$(inherited)",
					"@executable_path/Frameworks",
					"@executable_path/../../Frameworks",
				);
				MARKETING_VERSION = 1.0;
				OTHER_LDFLAGS = (
					"-framework",
					SafariServices,
				);
				PRODUCT_BUNDLE_IDENTIFIER = "com.github.Instagram-Downloader.Extension";
				PRODUCT_NAME = "Instagram Downloader Extension";
				SDKROOT = iphoneos;
				SKIP_INSTALL = YES;
				STRING_CATALOG_GENERATE_SYMBOLS = YES;
				SWIFT_APPROACHABLE_CONCURRENCY = YES;
				SWIFT_EMIT_LOC_STRINGS = YES;
				SWIFT_UPCOMING_FEATURE_MEMBER_IMPORT_VISIBILITY = YES;
				SWIFT_VERSION = 5.0;
				TARGETED_DEVICE_FAMILY = "1,2";
			};
			name = Debug;
		};
		81FA67C12F48462600AFE929 /* Release */ = {
			isa = XCBuildConfiguration;
			buildSettings = {
				"CODE_SIGN_IDENTITY[sdk=iphoneos*]" = "Apple Development";
				CODE_SIGN_STYLE = Automatic;
				CURRENT_PROJECT_VERSION = 1;
				DEVELOPMENT_TEAM = FD33Z2Y6H9;
				GENERATE_INFOPLIST_FILE = YES;
				INFOPLIST_FILE = "iOS (Extension)/Info.plist";
				INFOPLIST_KEY_CFBundleDisplayName = "Instagram Downloader Extension";
				INFOPLIST_KEY_NSHumanReadableCopyright = "";
				IPHONEOS_DEPLOYMENT_TARGET = 15.0;
				LD_RUNPATH_SEARCH_PATHS = (
					"$(inherited)",
					"@executable_path/Frameworks",
					"@executable_path/../../Frameworks",
				);
				MARKETING_VERSION = 1.0;
				OTHER_LDFLAGS = (
					"-framework",
					SafariServices,
				);
				PRODUCT_BUNDLE_IDENTIFIER = "com.github.Instagram-Downloader.Extension";
				PRODUCT_NAME = "Instagram Downloader Extension";
				SDKROOT = iphoneos;
				SKIP_INSTALL = YES;
				STRING_CATALOG_GENERATE_SYMBOLS = YES;
				SWIFT_APPROACHABLE_CONCURRENCY = YES;
				SWIFT_EMIT_LOC_STRINGS = YES;
				SWIFT_UPCOMING_FEATURE_MEMBER_IMPORT_VISIBILITY = YES;
				SWIFT_VERSION = 5.0;
				TARGETED_DEVICE_FAMILY = "1,2";
				VALIDATE_PRODUCT = YES;
			};
			name = Release;
		};
		81FA67C42F48462600AFE929 /* Debug */ = {
			isa = XCBuildConfiguration;
			buildSettings = {
				ASSETCATALOG_COMPILER_APPICON_NAME = AppIcon;
				ASSETCATALOG_COMPILER_GLOBAL_ACCENT_COLOR_NAME = AccentColor;
				"CODE_SIGN_IDENTITY[sdk=iphoneos*]" = "Apple Development";
				CODE_SIGN_STYLE = Automatic;
				CURRENT_PROJECT_VERSION = 1;
				DEVELOPMENT_TEAM = FD33Z2Y6H9;
				GENERATE_INFOPLIST_FILE = YES;
				INFOPLIST_FILE = "iOS (App)/Info.plist";
				INFOPLIST_KEY_CFBundleDisplayName = "Instagram Downloader";
				INFOPLIST_KEY_UIApplicationSupportsIndirectInputEvents = YES;
				INFOPLIST_KEY_UILaunchStoryboardName = LaunchScreen;
				INFOPLIST_KEY_UIMainStoryboardFile = Main;
				INFOPLIST_KEY_UISupportedInterfaceOrientations = "UIInterfaceOrientationPortrait UIInterfaceOrientationLandscapeLeft UIInterfaceOrientationLandscapeRight";
				INFOPLIST_KEY_UISupportedInterfaceOrientations_iPad = "UIInterfaceOrientationPortrait UIInterfaceOrientationPortraitUpsideDown UIInterfaceOrientationLandscapeLeft UIInterfaceOrientationLandscapeRight";
				IPHONEOS_DEPLOYMENT_TARGET = 15.0;
				LD_RUNPATH_SEARCH_PATHS = (
					"$(inherited)",
					"@executable_path/Frameworks",
				);
				MARKETING_VERSION = 1.0;
				OTHER_LDFLAGS = (
					"-framework",
					SafariServices,
					"-framework",
					WebKit,
				);
				PRODUCT_BUNDLE_IDENTIFIER = "com.github.Instagram-Downloader";
				PRODUCT_NAME = "Instagram Downloader";
				SDKROOT = iphoneos;
				STRING_CATALOG_GENERATE_SYMBOLS = YES;
				SWIFT_APPROACHABLE_CONCURRENCY = YES;
				SWIFT_DEFAULT_ACTOR_ISOLATION = MainActor;
				SWIFT_EMIT_LOC_STRINGS = YES;
				SWIFT_UPCOMING_FEATURE_MEMBER_IMPORT_VISIBILITY = YES;
				SWIFT_VERSION = 5.0;
				TARGETED_DEVICE_FAMILY = "1,2";
			};
			name = Debug;
		};
		81FA67C52F48462600AFE929 /* Release */ = {
			isa = XCBuildConfiguration;
			buildSettings = {
				ASSETCATALOG_COMPILER_APPICON_NAME = AppIcon;
				ASSETCATALOG_COMPILER_GLOBAL_ACCENT_COLOR_NAME = AccentColor;
				"CODE_SIGN_IDENTITY[sdk=iphoneos*]" = "Apple Development";
				CODE_SIGN_STYLE = Automatic;
				CURRENT_PROJECT_VERSION = 1;
				DEVELOPMENT_TEAM = FD33Z2Y6H9;
				GENERATE_INFOPLIST_FILE = YES;
				INFOPLIST_FILE = "iOS (App)/Info.plist";
				INFOPLIST_KEY_CFBundleDisplayName = "Instagram Downloader";
				INFOPLIST_KEY_UIApplicationSupportsIndirectInputEvents = YES;
				INFOPLIST_KEY_UILaunchStoryboardName = LaunchScreen;
				INFOPLIST_KEY_UIMainStoryboardFile = Main;
				INFOPLIST_KEY_UISupportedInterfaceOrientations = "UIInterfaceOrientationPortrait UIInterfaceOrientationLandscapeLeft UIInterfaceOrientationLandscapeRight";
				INFOPLIST_KEY_UISupportedInterfaceOrientations_iPad = "UIInterfaceOrientationPortrait UIInterfaceOrientationPortraitUpsideDown UIInterfaceOrientationLandscapeLeft UIInterfaceOrientationLandscapeRight";
				IPHONEOS_DEPLOYMENT_TARGET = 15.0;
				LD_RUNPATH_SEARCH_PATHS = (
					"$(inherited)",
					"@executable_path/Frameworks",
				);
				MARKETING_VERSION = 1.0;
				OTHER_LDFLAGS = (
					"-framework",
					SafariServices,
					"-framework",
					WebKit,
				);
				PRODUCT_BUNDLE_IDENTIFIER = "com.github.Instagram-Downloader";
				PRODUCT_NAME = "Instagram Downloader";
				SDKROOT = iphoneos;
				STRING_CATALOG_GENERATE_SYMBOLS = YES;
				SWIFT_APPROACHABLE_CONCURRENCY = YES;
				SWIFT_DEFAULT_ACTOR_ISOLATION = MainActor;
				SWIFT_EMIT_LOC_STRINGS = YES;
				SWIFT_UPCOMING_FEATURE_MEMBER_IMPORT_VISIBILITY = YES;
				SWIFT_VERSION = 5.0;
				TARGETED_DEVICE_FAMILY = "1,2";
				VALIDATE_PRODUCT = YES;
			};
			name = Release;
		};
		81FA67C72F48462600AFE929 /* Debug */ = {
			isa = XCBuildConfiguration;
			buildSettings = {
				CODE_SIGN_IDENTITY = "Apple Development: natios100@icloud.com (KHUS7W3ZJK)";
				"CODE_SIGN_IDENTITY[sdk=macosx*]" = "Apple Development";
				CODE_SIGN_STYLE = Automatic;
				CURRENT_PROJECT_VERSION = 1;
				DEVELOPMENT_TEAM = FD33Z2Y6H9;
				ENABLE_APP_SANDBOX = YES;
				ENABLE_HARDENED_RUNTIME = YES;
				ENABLE_USER_SELECTED_FILES = readonly;
				GENERATE_INFOPLIST_FILE = YES;
				INFOPLIST_FILE = "macOS (Extension)/Info.plist";
				INFOPLIST_KEY_CFBundleDisplayName = "Instagram Downloader Extension";
				INFOPLIST_KEY_NSHumanReadableCopyright = "";
				LD_RUNPATH_SEARCH_PATHS = (
					"$(inherited)",
					"@executable_path/../Frameworks",
					"@executable_path/../../../../Frameworks",
				);
				MACOSX_DEPLOYMENT_TARGET = 10.14;
				MARKETING_VERSION = 1.0;
				OTHER_LDFLAGS = (
					"-framework",
					SafariServices,
				);
				PRODUCT_BUNDLE_IDENTIFIER = "com.github.Instagram-Downloader.Extension";
				PRODUCT_NAME = "Instagram Downloader Extension";
				SDKROOT = macosx;
				SKIP_INSTALL = YES;
				STRING_CATALOG_GENERATE_SYMBOLS = YES;
				SWIFT_APPROACHABLE_CONCURRENCY = YES;
				SWIFT_EMIT_LOC_STRINGS = YES;
				SWIFT_UPCOMING_FEATURE_MEMBER_IMPORT_VISIBILITY = YES;
				SWIFT_VERSION = 5.0;
			};
			name = Debug;
		};
		81FA67C82F48462600AFE929 /* Release */ = {
			isa = XCBuildConfiguration;
			buildSettings = {
				CODE_SIGN_IDENTITY = "Apple Development: natios100@icloud.com (KHUS7W3ZJK)";
				"CODE_SIGN_IDENTITY[sdk=macosx*]" = "Apple Development";
				CODE_SIGN_STYLE = Automatic;
				CURRENT_PROJECT_VERSION = 1;
				DEVELOPMENT_TEAM = FD33Z2Y6H9;
				ENABLE_APP_SANDBOX = YES;
				ENABLE_HARDENED_RUNTIME = YES;
				ENABLE_USER_SELECTED_FILES = readonly;
				GENERATE_INFOPLIST_FILE = YES;
				INFOPLIST_FILE = "macOS (Extension)/Info.plist";
				INFOPLIST_KEY_CFBundleDisplayName = "Instagram Downloader Extension";
				INFOPLIST_KEY_NSHumanReadableCopyright = "";
				LD_RUNPATH_SEARCH_PATHS = (
					"$(inherited)",
					"@executable_path/../Frameworks",
					"@executable_path/../../../../Frameworks",
				);
				MACOSX_DEPLOYMENT_TARGET = 10.14;
				MARKETING_VERSION = 1.0;
				OTHER_LDFLAGS = (
					"-framework",
					SafariServices,
				);
				PRODUCT_BUNDLE_IDENTIFIER = "com.github.Instagram-Downloader.Extension";
				PRODUCT_NAME = "Instagram Downloader Extension";
				SDKROOT = macosx;
				SKIP_INSTALL = YES;
				STRING_CATALOG_GENERATE_SYMBOLS = YES;
				SWIFT_APPROACHABLE_CONCURRENCY = YES;
				SWIFT_EMIT_LOC_STRINGS = YES;
				SWIFT_UPCOMING_FEATURE_MEMBER_IMPORT_VISIBILITY = YES;
				SWIFT_VERSION = 5.0;
			};
			name = Release;
		};
		81FA67CB2F48462600AFE929 /* Debug */ = {
			isa = XCBuildConfiguration;
			buildSettings = {
				ASSETCATALOG_COMPILER_APPICON_NAME = AppIcon;
				ASSETCATALOG_COMPILER_GLOBAL_ACCENT_COLOR_NAME = AccentColor;
				"CODE_SIGN_IDENTITY[sdk=macosx*]" = "Apple Development";
				CODE_SIGN_STYLE = Automatic;
				CURRENT_PROJECT_VERSION = 1;
				DEVELOPMENT_TEAM = FD33Z2Y6H9;
				ENABLE_APP_SANDBOX = YES;
				ENABLE_HARDENED_RUNTIME = YES;
				ENABLE_OUTGOING_NETWORK_CONNECTIONS = YES;
				ENABLE_USER_SELECTED_FILES = readonly;
				GENERATE_INFOPLIST_FILE = YES;
				INFOPLIST_FILE = "macOS (App)/Info.plist";
				INFOPLIST_KEY_CFBundleDisplayName = "Instagram Downloader";
				INFOPLIST_KEY_NSMainStoryboardFile = Main;
				INFOPLIST_KEY_NSPrincipalClass = NSApplication;
				LD_RUNPATH_SEARCH_PATHS = (
					"$(inherited)",
					"@executable_path/../Frameworks",
				);
				MACOSX_DEPLOYMENT_TARGET = 10.14;
				MARKETING_VERSION = 1.0;
				OTHER_LDFLAGS = (
					"-framework",
					SafariServices,
					"-framework",
					WebKit,
				);
				PRODUCT_BUNDLE_IDENTIFIER = "com.github.Instagram-Downloader";
				PRODUCT_NAME = "Instagram Downloader";
				REGISTER_APP_GROUPS = YES;
				SDKROOT = macosx;
				STRING_CATALOG_GENERATE_SYMBOLS = YES;
				SWIFT_APPROACHABLE_CONCURRENCY = YES;
				SWIFT_DEFAULT_ACTOR_ISOLATION = MainActor;
				SWIFT_EMIT_LOC_STRINGS = YES;
				SWIFT_UPCOMING_FEATURE_MEMBER_IMPORT_VISIBILITY = YES;
				SWIFT_VERSION = 5.0;
			};
			name = Debug;
		};
		81FA67CC2F48462600AFE929 /* Release */ = {
			isa = XCBuildConfiguration;
			buildSettings = {
				ASSETCATALOG_COMPILER_APPICON_NAME = AppIcon;
				ASSETCATALOG_COMPILER_GLOBAL_ACCENT_COLOR_NAME = AccentColor;
				"CODE_SIGN_IDENTITY[sdk=macosx*]" = "Apple Development";
				CODE_SIGN_STYLE = Automatic;
				CURRENT_PROJECT_VERSION = 1;
				DEVELOPMENT_TEAM = FD33Z2Y6H9;
				ENABLE_APP_SANDBOX = YES;
				ENABLE_HARDENED_RUNTIME = YES;
				ENABLE_OUTGOING_NETWORK_CONNECTIONS = YES;
				ENABLE_USER_SELECTED_FILES = readonly;
				GENERATE_INFOPLIST_FILE = YES;
				INFOPLIST_FILE = "macOS (App)/Info.plist";
				INFOPLIST_KEY_CFBundleDisplayName = "Instagram Downloader";
				INFOPLIST_KEY_NSMainStoryboardFile = Main;
				INFOPLIST_KEY_NSPrincipalClass = NSApplication;
				LD_RUNPATH_SEARCH_PATHS = (
					"$(inherited)",
					"@executable_path/../Frameworks",
				);
				MACOSX_DEPLOYMENT_TARGET = 10.14;
				MARKETING_VERSION = 1.0;
				OTHER_LDFLAGS = (
					"-framework",
					SafariServices,
					"-framework",
					WebKit,
				);
				PRODUCT_BUNDLE_IDENTIFIER = "com.github.Instagram-Downloader";
				PRODUCT_NAME = "Instagram Downloader";
				REGISTER_APP_GROUPS = YES;
				SDKROOT = macosx;
				STRING_CATALOG_GENERATE_SYMBOLS = YES;
				SWIFT_APPROACHABLE_CONCURRENCY = YES;
				SWIFT_DEFAULT_ACTOR_ISOLATION = MainActor;
				SWIFT_EMIT_LOC_STRINGS = YES;
				SWIFT_UPCOMING_FEATURE_MEMBER_IMPORT_VISIBILITY = YES;
				SWIFT_VERSION = 5.0;
			};
			name = Release;
		};
/* End XCBuildConfiguration section */

/* Begin XCConfigurationList section */
		81FA67712F48462500AFE929 /* Build configuration list for PBXProject "Instagram Downloader" */ = {
			isa = XCConfigurationList;
			buildConfigurations = (
				81FA67BD2F48462600AFE929 /* Debug */,
				81FA67BE2F48462600AFE929 /* Release */,
			);
			defaultConfigurationIsVisible = 0;
			defaultConfigurationName = Release;
		};
		81FA67BF2F48462600AFE929 /* Build configuration list for PBXNativeTarget "Instagram Downloader Extension (iOS)" */ = {
			isa = XCConfigurationList;
			buildConfigurations = (
				81FA67C02F48462600AFE929 /* Debug */,
				81FA67C12F48462600AFE929 /* Release */,
			);
			defaultConfigurationIsVisible = 0;
			defaultConfigurationName = Release;
		};
		81FA67C32F48462600AFE929 /* Build configuration list for PBXNativeTarget "Instagram Downloader (iOS)" */ = {
			isa = XCConfigurationList;
			buildConfigurations = (
				81FA67C42F48462600AFE929 /* Debug */,
				81FA67C52F48462600AFE929 /* Release */,
			);
			defaultConfigurationIsVisible = 0;
			defaultConfigurationName = Release;
		};
		81FA67C62F48462600AFE929 /* Build configuration list for PBXNativeTarget "Instagram Downloader Extension (macOS)" */ = {
			isa = XCConfigurationList;
			buildConfigurations = (
				81FA67C72F48462600AFE929 /* Debug */,
				81FA67C82F48462600AFE929 /* Release */,
			);
			defaultConfigurationIsVisible = 0;
			defaultConfigurationName = Release;
		};
		81FA67CA2F48462600AFE929 /* Build configuration list for PBXNativeTarget "Instagram Downloader (macOS)" */ = {
			isa = XCConfigurationList;
			buildConfigurations = (
				81FA67CB2F48462600AFE929 /* Debug */,
				81FA67CC2F48462600AFE929 /* Release */,
			);
			defaultConfigurationIsVisible = 0;
			defaultConfigurationName = Release;
		};
/* End XCConfigurationList section */
	};
	rootObject = 81FA676E2F48462500AFE929 /* Project object */;
}
